
Microsoft Visual Studio Solution File, Format Version 11.00
# Visual Studio 2010
Project("{FAE04EC0-301F-11D3-BF4B-00C04F79EFBC}") = "Assembly-CSharp", "Assembly-CSharp.csproj", "{0e7a06fb-1bcc-9628-3432-2c0e14879aa3}"
EndProject
Project("{FAE04EC0-301F-11D3-BF4B-00C04F79EFBC}") = "Assembly-CSharp-firstpass", "Assembly-CSharp-firstpass.csproj", "{25d73b39-8622-28ec-8111-573e4676ce88}"
EndProject
Project("{FAE04EC0-301F-11D3-BF4B-00C04F79EFBC}") = "Oculus.Interaction.Editor", "Oculus.Interaction.Editor.csproj", "{78ce6831-b9c9-4337-9cb4-87ad6e41e9e0}"
EndProject
Project("{FAE04EC0-301F-11D3-BF4B-00C04F79EFBC}") = "Assembly-CSharp-Editor", "Assembly-CSharp-Editor.csproj", "{64aabfe5-b937-5b5c-e4d9-f736505716de}"
EndProject
Global
	GlobalSection(SolutionConfigurationPlatforms) = preSolution
		Debug|Any CPU = Debug|Any CPU
	EndGlobalSection
	GlobalSection(ProjectConfigurationPlatforms) = postSolution
		{0e7a06fb-1bcc-9628-3432-2c0e14879aa3}.Debug|Any CPU.ActiveCfg = Debug|Any CPU
		{0e7a06fb-1bcc-9628-3432-2c0e14879aa3}.Debug|Any CPU.Build.0 = Debug|Any CPU
		{25d73b39-8622-28ec-8111-573e4676ce88}.Debug|Any CPU.ActiveCfg = Debug|Any CPU
		{25d73b39-8622-28ec-8111-573e4676ce88}.Debug|Any CPU.Build.0 = Debug|Any CPU
		{78ce6831-b9c9-4337-9cb4-87ad6e41e9e0}.Debug|Any CPU.ActiveCfg = Debug|Any CPU
		{78ce6831-b9c9-4337-9cb4-87ad6e41e9e0}.Debug|Any CPU.Build.0 = Debug|Any CPU
		{64aabfe5-b937-5b5c-e4d9-f736505716de}.Debug|Any CPU.ActiveCfg = Debug|Any CPU
		{64aabfe5-b937-5b5c-e4d9-f736505716de}.Debug|Any CPU.Build.0 = Debug|Any CPU
	EndGlobalSection
	GlobalSection(SolutionProperties) = preSolution
		HideSolutionNode = FALSE
	EndGlobalSection
EndGlobal
